// !$*UTF8*$!
{
	archiveVersion = 1;
	classes = {
	};
	objectVersion = 46;
	objects = {

/* Begin PBXBuildFile section */
		484D38913277891FE8F85AC0 /* Pods_Subte_io.framework in Frameworks */ = {isa = PBXBuildFile; fileRef = CB4917F45CA3B9A77703812C /* Pods_Subte_io.framework */; };
		7CA016CA1D9B38AE004567DB /* AppDelegate.swift in Sources */ = {isa = PBXBuildFile; fileRef = 7CA016C91D9B38AE004567DB /* AppDelegate.swift */; };
		7CA016CC1D9B38AE004567DB /* ViewController.swift in Sources */ = {isa = PBXBuildFile; fileRef = 7CA016CB1D9B38AE004567DB /* ViewController.swift */; };
		7CA016CF1D9B38AE004567DB /* Main.storyboard in Resources */ = {isa = PBXBuildFile; fileRef = 7CA016CD1D9B38AE004567DB /* Main.storyboard */; };
		7CA016D11D9B38AE004567DB /* Assets.xcassets in Resources */ = {isa = PBXBuildFile; fileRef = 7CA016D01D9B38AE004567DB /* Assets.xcassets */; };
		7CA016D41D9B38AE004567DB /* LaunchScreen.storyboard in Resources */ = {isa = PBXBuildFile; fileRef = 7CA016D21D9B38AE004567DB /* LaunchScreen.storyboard */; };
		7CC018041D9B415400C1A898 /* SubwayServices.swift in Sources */ = {isa = PBXBuildFile; fileRef = 7CC018031D9B415400C1A898 /* SubwayServices.swift */; };
		7CC018071D9B57B500C1A898 /* SubwayLine.swift in Sources */ = {isa = PBXBuildFile; fileRef = 7CC018061D9B57B500C1A898 /* SubwayLine.swift */; };
/* End PBXBuildFile section */

/* Begin PBXFileReference section */
		63D9CDC44D04CCA2BD3E180F /* Pods-Subte.io.debug.xcconfig */ = {isa = PBXFileReference; includeInIndex = 1; lastKnownFileType = text.xcconfig; name = "Pods-Subte.io.debug.xcconfig"; path = "Pods/Target Support Files/Pods-Subte.io/Pods-Subte.io.debug.xcconfig"; sourceTree = "<group>"; };
		7CA016C61D9B38AE004567DB /* Subte.io.app */ = {isa = PBXFileReference; explicitFileType = wrapper.application; includeInIndex = 0; path = Subte.io.app; sourceTree = BUILT_PRODUCTS_DIR; };
		7CA016C91D9B38AE004567DB /* AppDelegate.swift */ = {isa = PBXFileReference; lastKnownFileType = sourcecode.swift; path = AppDelegate.swift; sourceTree = "<group>"; };
		7CA016CB1D9B38AE004567DB /* ViewController.swift */ = {isa = PBXFileReference; lastKnownFileType = sourcecode.swift; path = ViewController.swift; sourceTree = "<group>"; };
		7CA016CE1D9B38AE004567DB /* Base */ = {isa = PBXFileReference; lastKnownFileType = file.storyboard; name = Base; path = Base.lproj/Main.storyboard; sourceTree = "<group>"; };
		7CA016D01D9B38AE004567DB /* Assets.xcassets */ = {isa = PBXFileReference; lastKnownFileType = folder.assetcatalog; path = Assets.xcassets; sourceTree = "<group>"; };
		7CA016D31D9B38AE004567DB /* Base */ = {isa = PBXFileReference; lastKnownFileType = file.storyboard; name = Base; path = Base.lproj/LaunchScreen.storyboard; sourceTree = "<group>"; };
		7CA016D51D9B38AE004567DB /* Info.plist */ = {isa = PBXFileReference; lastKnownFileType = text.plist.xml; path = Info.plist; sourceTree = "<group>"; };
		7CC018031D9B415400C1A898 /* SubwayServices.swift */ = {isa = PBXFileReference; fileEncoding = 4; lastKnownFileType = sourcecode.swift; path = SubwayServices.swift; sourceTree = "<group>"; };
		7CC018061D9B57B500C1A898 /* SubwayLine.swift */ = {isa = PBXFileReference; fileEncoding = 4; lastKnownFileType = sourcecode.swift; path = SubwayLine.swift; sourceTree = "<group>"; };
		CB4917F45CA3B9A77703812C /* Pods_Subte_io.framework */ = {isa = PBXFileReference; explicitFileType = wrapper.framework; includeInIndex = 0; path = Pods_Subte_io.framework; sourceTree = BUILT_PRODUCTS_DIR; };
		DB9256A531EBE81ADCC503AA /* Pods-Subte.io.release.xcconfig */ = {isa = PBXFileReference; includeInIndex = 1; lastKnownFileType = text.xcconfig; name = "Pods-Subte.io.release.xcconfig"; path = "Pods/Target Support Files/Pods-Subte.io/Pods-Subte.io.release.xcconfig"; sourceTree = "<group>"; };
/* End PBXFileReference section */

/* Begin PBXFrameworksBuildPhase section */
		7CA016C31D9B38AE004567DB /* Frameworks */ = {
			isa = PBXFrameworksBuildPhase;
			buildActionMask = 2147483647;
			files = (
				484D38913277891FE8F85AC0 /* Pods_Subte_io.framework in Frameworks */,
			);
			runOnlyForDeploymentPostprocessing = 0;
		};
/* End PBXFrameworksBuildPhase section */

/* Begin PBXGroup section */
		5BA6991BB5456524B68A8997 /* Pods */ = {
			isa = PBXGroup;
			children = (
				63D9CDC44D04CCA2BD3E180F /* Pods-Subte.io.debug.xcconfig */,
				DB9256A531EBE81ADCC503AA /* Pods-Subte.io.release.xcconfig */,
			);
			name = Pods;
			sourceTree = "<group>";
		};
		7040A5B44176CD7D893FBB9D /* Frameworks */ = {
			isa = PBXGroup;
			children = (
				CB4917F45CA3B9A77703812C /* Pods_Subte_io.framework */,
			);
			name = Frameworks;
			sourceTree = "<group>";
		};
		7CA016BD1D9B38AE004567DB = {
			isa = PBXGroup;
			children = (
				7CA016C81D9B38AE004567DB /* Subte.io */,
				7CA016C71D9B38AE004567DB /* Products */,
				5BA6991BB5456524B68A8997 /* Pods */,
				7040A5B44176CD7D893FBB9D /* Frameworks */,
			);
			sourceTree = "<group>";
		};
		7CA016C71D9B38AE004567DB /* Products */ = {
			isa = PBXGroup;
			children = (
				7CA016C61D9B38AE004567DB /* Subte.io.app */,
			);
			name = Products;
			sourceTree = "<group>";
		};
		7CA016C81D9B38AE004567DB /* Subte.io */ = {
			isa = PBXGroup;
			children = (
				7CA016C91D9B38AE004567DB /* AppDelegate.swift */,
				7CC018081D9B57BD00C1A898 /* model */,
				7CC018051D9B415900C1A898 /* services */,
				7CC018021D9B3F7C00C1A898 /* views */,
				7CC018011D9B3F6200C1A898 /* storyboards */,
				7CA016D01D9B38AE004567DB /* Assets.xcassets */,
				7CA016D51D9B38AE004567DB /* Info.plist */,
			);
			path = Subte.io;
			sourceTree = "<group>";
		};
		7CC018011D9B3F6200C1A898 /* storyboards */ = {
			isa = PBXGroup;
			children = (
				7CA016CD1D9B38AE004567DB /* Main.storyboard */,
				7CA016D21D9B38AE004567DB /* LaunchScreen.storyboard */,
			);
			name = storyboards;
			sourceTree = "<group>";
		};
		7CC018021D9B3F7C00C1A898 /* views */ = {
			isa = PBXGroup;
			children = (
				7CA016CB1D9B38AE004567DB /* ViewController.swift */,
			);
			name = views;
			sourceTree = "<group>";
		};
		7CC018051D9B415900C1A898 /* services */ = {
			isa = PBXGroup;
			children = (
				7CC018031D9B415400C1A898 /* SubwayServices.swift */,
			);
			name = services;
			sourceTree = "<group>";
		};
		7CC018081D9B57BD00C1A898 /* model */ = {
			isa = PBXGroup;
			children = (
				7CC018061D9B57B500C1A898 /* SubwayLine.swift */,
			);
			name = model;
			sourceTree = "<group>";
		};
/* End PBXGroup section */

/* Begin PBXNativeTarget section */
		7CA016C51D9B38AE004567DB /* Subte.io */ = {
			isa = PBXNativeTarget;
			buildConfigurationList = 7CA016D81D9B38AE004567DB /* Build configuration list for PBXNativeTarget "Subte.io" */;
			buildPhases = (
				78B99BCE18A5EE9D64166DAC /* [CP] Check Pods Manifest.lock */,
				7CA016C21D9B38AE004567DB /* Sources */,
				7CA016C31D9B38AE004567DB /* Frameworks */,
				7CA016C41D9B38AE004567DB /* Resources */,
				3FA63E29E4500CF809BDBC07 /* [CP] Embed Pods Frameworks */,
				5EDBCA51F8D739D38734116A /* [CP] Copy Pods Resources */,
			);
			buildRules = (
			);
			dependencies = (
			);
			name = Subte.io;
			productName = Subte.io;
			productReference = 7CA016C61D9B38AE004567DB /* Subte.io.app */;
			productType = "com.apple.product-type.application";
		};
/* End PBXNativeTarget section */

/* Begin PBXProject section */
		7CA016BE1D9B38AE004567DB /* Project object */ = {
			isa = PBXProject;
			attributes = {
				LastSwiftUpdateCheck = 0800;
				LastUpgradeCheck = 0800;
				ORGANIZATIONNAME = marianomolina.xyz;
				TargetAttributes = {
					7CA016C51D9B38AE004567DB = {
						CreatedOnToolsVersion = 8.0;
						DevelopmentTeam = HLY49RTLRG;
						LastSwiftMigration = 0800;
						ProvisioningStyle = Automatic;
					};
				};
			};
			buildConfigurationList = 7CA016C11D9B38AE004567DB /* Build configuration list for PBXProject "Subte.io" */;
			compatibilityVersion = "Xcode 3.2";
			developmentRegion = English;
			hasScannedForEncodings = 0;
			knownRegions = (
				en,
				Base,
			);
			mainGroup = 7CA016BD1D9B38AE004567DB;
			productRefGroup = 7CA016C71D9B38AE004567DB /* Products */;
			projectDirPath = "";
			projectRoot = "";
			targets = (
				7CA016C51D9B38AE004567DB /* Subte.io */,
			);
		};
/* End PBXProject section */

/* Begin PBXResourcesBuildPhase section */
		7CA016C41D9B38AE004567DB /* Resources */ = {
			isa = PBXResourcesBuildPhase;
			buildActionMask = 2147483647;
			files = (
				7CA016D41D9B38AE004567DB /* LaunchScreen.storyboard in Resources */,
				7CA016D11D9B38AE004567DB /* Assets.xcassets in Resources */,
				7CA016CF1D9B38AE004567DB /* Main.storyboard in Resources */,
			);
			runOnlyForDeploymentPostprocessing = 0;
		};
/* End PBXResourcesBuildPhase section */

/* Begin PBXShellScriptBuildPhase section */
		3FA63E29E4500CF809BDBC07 /* [CP] Embed Pods Frameworks */ = {
			isa = PBXShellScriptBuildPhase;
			buildActionMask = 2147483647;
			files = (
			);
			inputPaths = (
			);
			name = "[CP] Embed Pods Frameworks";
			outputPaths = (
			);
			runOnlyForDeploymentPostprocessing = 0;
			shellPath = /bin/sh;
			shellScript = "\"${SRCROOT}/Pods/Target Support Files/Pods-Subte.io/Pods-Subte.io-frameworks.sh\"\n";
			showEnvVarsInLog = 0;
		};
		5EDBCA51F8D739D38734116A /* [CP] Copy Pods Resources */ = {
			isa = PBXShellScriptBuildPhase;
			buildActionMask = 2147483647;
			files = (
			);
			inputPaths = (
			);
			name = "[CP] Copy Pods Resources";
			outputPaths = (
			);
			runOnlyForDeploymentPostprocessing = 0;
			shellPath = /bin/sh;
			shellScript = "\"${SRCROOT}/Pods/Target Support Files/Pods-Subte.io/Pods-Subte.io-resources.sh\"\n";
			showEnvVarsInLog = 0;
		};
		78B99BCE18A5EE9D64166DAC /* [CP] Check Pods Manifest.lock */ = {
			isa = PBXShellScriptBuildPhase;
			buildActionMask = 2147483647;
			files = (
			);
			inputPaths = (
			);
			name = "[CP] Check Pods Manifest.lock";
			outputPaths = (
			);
			runOnlyForDeploymentPostprocessing = 0;
			shellPath = /bin/sh;
			shellScript = "diff \"${PODS_ROOT}/../Podfile.lock\" \"${PODS_ROOT}/Manifest.lock\" > /dev/null\nif [[ $? != 0 ]] ; then\n    cat << EOM\nerror: The sandbox is not in sync with the Podfile.lock. Run 'pod install' or update your CocoaPods installation.\nEOM\n    exit 1\nfi\n";
			showEnvVarsInLog = 0;
		};
/* End PBXShellScriptBuildPhase section */

/* Begin PBXSourcesBuildPhase section */
		7CA016C21D9B38AE004567DB /* Sources */ = {
			isa = PBXSourcesBuildPhase;
			buildActionMask = 2147483647;
			files = (
				7CA016CC1D9B38AE004567DB /* ViewController.swift in Sources */,
				7CA016CA1D9B38AE004567DB /* AppDelegate.swift in Sources */,
				7CC018071D9B57B500C1A898 /* SubwayLine.swift in Sources */,
				7CC018041D9B415400C1A898 /* SubwayServices.swift in Sources */,
			);
			runOnlyForDeploymentPostprocessing = 0;
		};
/* End PBXSourcesBuildPhase section */

/* Begin PBXVariantGroup section */
		7CA016CD1D9B38AE004567DB /* Main.storyboard */ = {
			isa = PBXVariantGroup;
			children = (
				7CA016CE1D9B38AE004567DB /* Base */,
			);
			name = Main.storyboard;
			sourceTree = "<group>";
		};
		7CA016D21D9B38AE004567DB /* LaunchScreen.storyboard */ = {
			isa = PBXVariantGroup;
			children = (
				7CA016D31D9B38AE004567DB /* Base */,
			);
			name = LaunchScreen.storyboard;
			sourceTree = "<group>";
		};
/* End PBXVariantGroup section */

/* Begin XCBuildConfiguration section */
		7CA016D61D9B38AE004567DB /* Debug */ = {
			isa = XCBuildConfiguration;
			buildSettings = {
				ALWAYS_SEARCH_USER_PATHS = NO;
				CLANG_ANALYZER_NONNULL = YES;
				CLANG_CXX_LANGUAGE_STANDARD = "gnu++0x";
				CLANG_CXX_LIBRARY = "libc++";
				CLANG_ENABLE_MODULES = YES;
				CLANG_ENABLE_OBJC_ARC = YES;
				CLANG_WARN_BOOL_CONVERSION = YES;
				CLANG_WARN_CONSTANT_CONVERSION = YES;
				CLANG_WARN_DIRECT_OBJC_ISA_USAGE = YES_ERROR;
				CLANG_WARN_DOCUMENTATION_COMMENTS = YES;
				CLANG_WARN_EMPTY_BODY = YES;
				CLANG_WARN_ENUM_CONVERSION = YES;
				CLANG_WARN_INFINITE_RECURSION = YES;
				CLANG_WARN_INT_CONVERSION = YES;
				CLANG_WARN_OBJC_ROOT_CLASS = YES_ERROR;
				CLANG_WARN_SUSPICIOUS_MOVE = YES;
				CLANG_WARN_SUSPICIOUS_MOVES = YES;
				CLANG_WARN_UNREACHABLE_CODE = YES;
				CLANG_WARN__DUPLICATE_METHOD_MATCH = YES;
				"CODE_SIGN_IDENTITY[sdk=iphoneos*]" = "iPhone Developer";
				COPY_PHASE_STRIP = NO;
				DEBUG_INFORMATION_FORMAT = dwarf;
				ENABLE_STRICT_OBJC_MSGSEND = YES;
				ENABLE_TESTABILITY = YES;
				GCC_C_LANGUAGE_STANDARD = gnu99;
				GCC_DYNAMIC_NO_PIC = NO;
				GCC_NO_COMMON_BLOCKS = YES;
				GCC_OPTIMIZATION_LEVEL = 0;
				GCC_PREPROCESSOR_DEFINITIONS = (
					"DEBUG=1",
					"$(inherited)",
				);
				GCC_WARN_64_TO_32_BIT_CONVERSION = YES;
				GCC_WARN_ABOUT_RETURN_TYPE = YES_ERROR;
				GCC_WARN_UNDECLARED_SELECTOR = YES;
				GCC_WARN_UNINITIALIZED_AUTOS = YES_AGGRESSIVE;
				GCC_WARN_UNUSED_FUNCTION = YES;
				GCC_WARN_UNUSED_VARIABLE = YES;
				IPHONEOS_DEPLOYMENT_TARGET = 10.0;
				MTL_ENABLE_DEBUG_INFO = YES;
				ONLY_ACTIVE_ARCH = YES;
				SDKROOT = iphoneos;
				SWIFT_ACTIVE_COMPILATION_CONDITIONS = DEBUG;
				SWIFT_OPTIMIZATION_LEVEL = "-Onone";
			};
			name = Debug;
		};
		7CA016D71D9B38AE004567DB /* Release */ = {
			isa = XCBuildConfiguration;
			buildSettings = {
				ALWAYS_SEARCH_USER_PATHS = NO;
				CLANG_ANALYZER_NONNULL = YES;
				CLANG_CXX_LANGUAGE_STANDARD = "gnu++0x";
				CLANG_CXX_LIBRARY = "libc++";
				CLANG_ENABLE_MODULES = YES;
				CLANG_ENABLE_OBJC_ARC = YES;
				CLANG_WARN_BOOL_CONVERSION = YES;
				CLANG_WARN_CONSTANT_CONVERSION = YES;
				CLANG_WARN_DIRECT_OBJC_ISA_USAGE = YES_ERROR;
				CLANG_WARN_DOCUMENTATION_COMMENTS = YES;
				CLANG_WARN_EMPTY_BODY = YES;
				CLANG_WARN_ENUM_CONVERSION = YES;
				CLANG_WARN_INFINITE_RECURSION = YES;
				CLANG_WARN_INT_CONVERSION = YES;
				CLANG_WARN_OBJC_ROOT_CLASS = YES_ERROR;
				CLANG_WARN_SUSPICIOUS_MOVE = YES;
				CLANG_WARN_SUSPICIOUS_MOVES = YES;
				CLANG_WARN_UNREACHABLE_CODE = YES;
				CLANG_WARN__DUPLICATE_METHOD_MATCH = YES;
				"CODE_SIGN_IDENTITY[sdk=iphoneos*]" = "iPhone Developer";
				COPY_PHASE_STRIP = NO;
				DEBUG_INFORMATION_FORMAT = "dwarf-with-dsym";
				ENABLE_NS_ASSERTIONS = NO;
				ENABLE_STRICT_OBJC_MSGSEND = YES;
				GCC_C_LANGUAGE_STANDARD = gnu99;
				GCC_NO_COMMON_BLOCKS = YES;
				GCC_WARN_64_TO_32_BIT_CONVERSION = YES;
				GCC_WARN_ABOUT_RETURN_TYPE = YES_ERROR;
				GCC_WARN_UNDECLARED_SELECTOR = YES;
				GCC_WARN_UNINITIALIZED_AUTOS = YES_AGGRESSIVE;
				GCC_WARN_UNUSED_FUNCTION = YES;
				GCC_WARN_UNUSED_VARIABLE = YES;
				IPHONEOS_DEPLOYMENT_TARGET = 10.0;
				MTL_ENABLE_DEBUG_INFO = NO;
				SDKROOT = iphoneos;
				SWIFT_OPTIMIZATION_LEVEL = "-Owholemodule";
				VALIDATE_PRODUCT = YES;
			};
			name = Release;
		};
		7CA016D91D9B38AE004567DB /* Debug */ = {
			isa = XCBuildConfiguration;
			baseConfigurationReference = 63D9CDC44D04CCA2BD3E180F /* Pods-Subte.io.debug.xcconfig */;
			buildSettings = {
				ALWAYS_EMBED_SWIFT_STANDARD_LIBRARIES = YES;
				ASSETCATALOG_COMPILER_APPICON_NAME = AppIcon;
				DEVELOPMENT_TEAM = HLY49RTLRG;
				INFOPLIST_FILE = Subte.io/Info.plist;
				LD_RUNPATH_SEARCH_PATHS = "$(inherited) @executable_path/Frameworks";
				PRODUCT_BUNDLE_IDENTIFIER = "marianomolina.xyz.Subte-io";
				PRODUCT_NAME = "$(TARGET_NAME)";
				SWIFT_VERSION = 3.0;
			};
			name = Debug;
		};
		7CA016DA1D9B38AE004567DB /* Release */ = {
			isa = XCBuildConfiguration;
			baseConfigurationReference = DB9256A531EBE81ADCC503AA /* Pods-Subte.io.release.xcconfig */;
			buildSettings = {
				ALWAYS_EMBED_SWIFT_STANDARD_LIBRARIES = YES;
				ASSETCATALOG_COMPILER_APPICON_NAME = AppIcon;
				DEVELOPMENT_TEAM = HLY49RTLRG;
				INFOPLIST_FILE = Subte.io/Info.plist;
				LD_RUNPATH_SEARCH_PATHS = "$(inherited) @executable_path/Frameworks";
				PRODUCT_BUNDLE_IDENTIFIER = "marianomolina.xyz.Subte-io";
				PRODUCT_NAME = "$(TARGET_NAME)";
				SWIFT_VERSION = 3.0;
			};
			name = Release;
		};
/* End XCBuildConfiguration section */

/* Begin XCConfigurationList section */
		7CA016C11D9B38AE004567DB /* Build configuration list for PBXProject "Subte.io" */ = {
			isa = XCConfigurationList;
			buildConfigurations = (
				7CA016D61D9B38AE004567DB /* Debug */,
				7CA016D71D9B38AE004567DB /* Release */,
			);
			defaultConfigurationIsVisible = 0;
			defaultConfigurationName = Release;
		};
		7CA016D81D9B38AE004567DB /* Build configuration list for PBXNativeTarget "Subte.io" */ = {
			isa = XCConfigurationList;
			buildConfigurations = (
				7CA016D91D9B38AE004567DB /* Debug */,
				7CA016DA1D9B38AE004567DB /* Release */,
			);
			defaultConfigurationIsVisible = 0;
			defaultConfigurationName = Release;
		};
/* End XCConfigurationList section */
	};
	rootObject = 7CA016BE1D9B38AE004567DB /* Project object */;
}
